
Microsoft Visual Studio Solution File, Format Version 12.00
# Visual Studio Version 16
VisualStudioVersion = 16.0.30523.141
MinimumVisualStudioVersion = 10.0.40219.1
Project("{FAE04EC0-301F-11D3-BF4B-00C04F79EFBC}") = "QualityAndTestingAssignment", "QualityAndTestingAssignment\QualityAndTestingAssignment.csproj", "{DC572109-A529-4372-B0AC-D23D82CD5410}"
EndProject
Project("{FAE04EC0-301F-11D3-BF4B-00C04F79EFBC}") = "Tests", "Tests\Tests.csproj", "{62872DBE-B877-4870-AF62-47DD80E5E2A8}"
EndProject
Global
	GlobalSection(SolutionConfigurationPlatforms) = preSolution
		Debug|Any CPU = Debug|Any CPU
		Release|Any CPU = Release|Any CPU
	EndGlobalSection
	GlobalSection(ProjectConfigurationPlatforms) = postSolution
		{DC572109-A529-4372-B0AC-D23D82CD5410}.Debug|Any CPU.ActiveCfg = Debug|Any CPU
		{DC572109-A529-4372-B0AC-D23D82CD5410}.Debug|Any CPU.Build.0 = Debug|Any CPU
		{DC572109-A529-4372-B0AC-D23D82CD5410}.Release|Any CPU.ActiveCfg = Release|Any CPU
		{DC572109-A529-4372-B0AC-D23D82CD5410}.Release|Any CPU.Build.0 = Release|Any CPU
		{62872DBE-B877-4870-AF62-47DD80E5E2A8}.Debug|Any CPU.ActiveCfg = Debug|Any CPU
		{62872DBE-B877-4870-AF62-47DD80E5E2A8}.Debug|Any CPU.Build.0 = Debug|Any CPU
		{62872DBE-B877-4870-AF62-47DD80E5E2A8}.Release|Any CPU.ActiveCfg = Release|Any CPU
		{62872DBE-B877-4870-AF62-47DD80E5E2A8}.Release|Any CPU.Build.0 = Release|Any CPU
	EndGlobalSection
	GlobalSection(SolutionProperties) = preSolution
		HideSolutionNode = FALSE
	EndGlobalSection
	GlobalSection(ExtensibilityGlobals) = postSolution
		SolutionGuid = {85A49CC8-5492-4085-B352-E6ACEFFE2EB6}
	EndGlobalSection
EndGlobal
